{
  "nodes": {
    "ak-core": {
      "inputs": {
        "flake-utils": "flake-utils",
        "nixpkgs": "nixpkgs"
      },
      "locked": {
        "lastModified": 1641350940,
        "narHash": "sha256-UcArCGzqqV7ED3lZMDZDS4JnStW3sirLOlyVNwjrzxw=",
        "owner": "aakropotkin",
        "repo": "ak-core",
        "rev": "e000b270f41255148e8c7ba32c148501f1871d6f",
        "type": "github"
      },
      "original": {
        "owner": "aakropotkin",
        "repo": "ak-core",
        "type": "github"
      }
    },
    "flake-utils": {
      "locked": {
        "lastModified": 1631561581,
        "narHash": "sha256-3VQMV5zvxaVLvqqUrNz3iJelLw30mIVSfZmAaauM3dA=",
        "owner": "numtide",
        "repo": "flake-utils",
        "rev": "7e5bf3925f6fbdfaf50a2a7ca0be2879c4261d19",
        "type": "github"
      },
      "original": {
        "owner": "numtide",
        "repo": "flake-utils",
        "type": "github"
      }
    },
    "nixpkgs": {
      "locked": {
        "lastModified": 1634436779,
        "narHash": "sha256-D/nrXTWpe1bPIjFy85sgiLHYqu+AeaC6v5/+KlA9PRg=",
        "owner": "NixOS",
        "repo": "nixpkgs",
        "rev": "9aeeb7574fb784eaf6395f4400705b5f619e6cc3",
        "type": "github"
      },
      "original": {
        "id": "nixpkgs",
        "type": "indirect"
      }
    },
    "nixpkgs_2": {
      "locked": {
        "lastModified": 1641285291,
        "narHash": "sha256-KYaOBNGar3XWTxTsYPr9P6u74KAqNq0wobEC236U+0c=",
        "owner": "NixOS",
        "repo": "nixpkgs",
        "rev": "0432195a4b8d68faaa7d3d4b355260a3120aeeae",
        "type": "github"
      },
      "original": {
        "id": "nixpkgs",
        "type": "indirect"
      }
    },
    "root": {
      "inputs": {
        "ak-core": "ak-core",
        "nixpkgs": "nixpkgs_2"
      }
    }
  },
  "root": "root",
  "version": 7
}
